github.com/gorilla/websocket v1.5.0 h1:PPwGk2jz7EePpoHN/+ClbZu8SPxiqlu12wZP/3sWmnc=
github.com/gorilla/websocket v1.5.0/go.mod h1:YR8l580nyteQvAITg2hZ9XVh4b55+EU/adAjf1fMHhE=
github.com/hybridgroup/mjpeg v0.0.0-20140228234708-4680f319790e/go.mod h1:eagM805MRKrioHYuU7iKLUyFPVKqVV6um5DAvCkUtXs=
github.com/loov/hrtime v1.0.3 h1:LiWKU3B9skJwRPUf0Urs9+0+OE3TxdMuiRPOTwR0gcU=
github.com/loov/hrtime v1.0.3/go.mod h1:yDY3Pwv2izeY4sq7YcPX/dtLwzg5NU1AxWuWxKwd0p0=
github.com/pascaldekloe/goe v0.1.0/go.mod h1:lzWF7FIEvWOWxwDKqyGYQf6ZUaNfKdP144TG7ZOy1lc=
gocv.io/x/gocv v0.33.0 h1:WDtaBrq92AKrhepYzEktydDzNSm3t5k7ciawZK4rns8=
gocv.io/x/gocv v0.33.0/go.mod h1:oc6FvfYqfBp99p+yOEzs9tbYF9gOrAQSeL/dyIPefJU=
